
Microsoft Visual Studio Solution File, Format Version 12.00
# Visual Studio Version 17
VisualStudioVersion = 17.13.35931.197 d17.13
MinimumVisualStudioVersion = 10.0.40219.1
Project("{2150E333-8FDC-42A3-9474-1A3956D46DE8}") = "Solution Items", "Solution Items", "{02EA681E-C7D8-13C7-8484-4AC65E1B71E8}"
EndProject
Project("{FAE04EC0-301F-11D3-BF4B-00C04F79EFBC}") = "ClinicBookingSystem.Core", "ClinicBookingSyatem.Core\ClinicBookingSystem.Core.csproj", "{67D8BD95-A565-4C48-8F3D-719EE8E68EF3}"
EndProject
Project("{FAE04EC0-301F-11D3-BF4B-00C04F79EFBC}") = "ClinicBookingSystem.Infrastructure", "ClinicBookingSyatem.Infrastructure\ClinicBookingSystem.Infrastructure.csproj", "{7FC66F3F-067F-4996-8367-CE99B6063D9D}"
EndProject
Project("{FAE04EC0-301F-11D3-BF4B-00C04F79EFBC}") = "ClinicBookingSystem.Services", "ClinicBookingSystem.Services\ClinicBookingSystem.Services.csproj", "{8F62BDB0-D0DF-47AB-9CEE-65456556E93F}"
EndProject
Project("{FAE04EC0-301F-11D3-BF4B-00C04F79EFBC}") = "ClinicBookingSystem", "ClinicBookingSystem\ClinicBookingSystem.csproj", "{86030462-2C2D-788E-8635-2A7F6605BF22}"
EndProject
Global
	GlobalSection(SolutionConfigurationPlatforms) = preSolution
		Debug|Any CPU = Debug|Any CPU
		Release|Any CPU = Release|Any CPU
	EndGlobalSection
	GlobalSection(ProjectConfigurationPlatforms) = postSolution
		{67D8BD95-A565-4C48-8F3D-719EE8E68EF3}.Debug|Any CPU.ActiveCfg = Debug|Any CPU
		{67D8BD95-A565-4C48-8F3D-719EE8E68EF3}.Debug|Any CPU.Build.0 = Debug|Any CPU
		{67D8BD95-A565-4C48-8F3D-719EE8E68EF3}.Release|Any CPU.ActiveCfg = Release|Any CPU
		{67D8BD95-A565-4C48-8F3D-719EE8E68EF3}.Release|Any CPU.Build.0 = Release|Any CPU
		{7FC66F3F-067F-4996-8367-CE99B6063D9D}.Debug|Any CPU.ActiveCfg = Debug|Any CPU
		{7FC66F3F-067F-4996-8367-CE99B6063D9D}.Debug|Any CPU.Build.0 = Debug|Any CPU
		{7FC66F3F-067F-4996-8367-CE99B6063D9D}.Release|Any CPU.ActiveCfg = Release|Any CPU
		{7FC66F3F-067F-4996-8367-CE99B6063D9D}.Release|Any CPU.Build.0 = Release|Any CPU
		{8F62BDB0-D0DF-47AB-9CEE-65456556E93F}.Debug|Any CPU.ActiveCfg = Debug|Any CPU
		{8F62BDB0-D0DF-47AB-9CEE-65456556E93F}.Debug|Any CPU.Build.0 = Debug|Any CPU
		{8F62BDB0-D0DF-47AB-9CEE-65456556E93F}.Release|Any CPU.ActiveCfg = Release|Any CPU
		{8F62BDB0-D0DF-47AB-9CEE-65456556E93F}.Release|Any CPU.Build.0 = Release|Any CPU
		{86030462-2C2D-788E-8635-2A7F6605BF22}.Debug|Any CPU.ActiveCfg = Debug|Any CPU
		{86030462-2C2D-788E-8635-2A7F6605BF22}.Debug|Any CPU.Build.0 = Debug|Any CPU
		{86030462-2C2D-788E-8635-2A7F6605BF22}.Release|Any CPU.ActiveCfg = Release|Any CPU
		{86030462-2C2D-788E-8635-2A7F6605BF22}.Release|Any CPU.Build.0 = Release|Any CPU
	EndGlobalSection
	GlobalSection(SolutionProperties) = preSolution
		HideSolutionNode = FALSE
	EndGlobalSection
	GlobalSection(ExtensibilityGlobals) = postSolution
		SolutionGuid = {643CEF9F-799E-4674-8469-5AAFEC4BD7D4}
	EndGlobalSection
EndGlobal
